
Microsoft Visual Studio Solution File, Format Version 12.00
# Visual Studio Version 17
VisualStudioVersion = 17.12.35707.178
MinimumVisualStudioVersion = 10.0.40219.1
Project("{FAE04EC0-301F-11D3-BF4B-00C04F79EFBC}") = "Library.Presentation", "Library.Presentation\Library.Presentation.csproj", "{D269695D-2BA3-47E2-AA9F-A8EC6E816F2A}"
EndProject
Project("{FAE04EC0-301F-11D3-BF4B-00C04F79EFBC}") = "Library.DataAccess", "Library.DataAccess\Library.DataAccess.csproj", "{1D4CEF0E-2385-441B-9DC4-67F84CCE41F0}"
EndProject
Project("{FAE04EC0-301F-11D3-BF4B-00C04F79EFBC}") = "Library.BusinessLogic", "Library.BusinessLogic\Library.BusinessLogic.csproj", "{38873663-EC86-495F-96C4-A7271BE7CAF1}"
EndProject
Project("{FAE04EC0-301F-11D3-BF4B-00C04F79EFBC}") = "Library.EmailNotifier", "Library.EmailNotifier\Library.EmailNotifier.csproj", "{39945E8D-CDA0-4307-820C-359FB7D7C082}"
EndProject
Global
	GlobalSection(SolutionConfigurationPlatforms) = preSolution
		Debug|Any CPU = Debug|Any CPU
		Release|Any CPU = Release|Any CPU
	EndGlobalSection
	GlobalSection(ProjectConfigurationPlatforms) = postSolution
		{D269695D-2BA3-47E2-AA9F-A8EC6E816F2A}.Debug|Any CPU.ActiveCfg = Debug|Any CPU
		{D269695D-2BA3-47E2-AA9F-A8EC6E816F2A}.Debug|Any CPU.Build.0 = Debug|Any CPU
		{D269695D-2BA3-47E2-AA9F-A8EC6E816F2A}.Release|Any CPU.ActiveCfg = Release|Any CPU
		{D269695D-2BA3-47E2-AA9F-A8EC6E816F2A}.Release|Any CPU.Build.0 = Release|Any CPU
		{1D4CEF0E-2385-441B-9DC4-67F84CCE41F0}.Debug|Any CPU.ActiveCfg = Debug|Any CPU
		{1D4CEF0E-2385-441B-9DC4-67F84CCE41F0}.Debug|Any CPU.Build.0 = Debug|Any CPU
		{1D4CEF0E-2385-441B-9DC4-67F84CCE41F0}.Release|Any CPU.ActiveCfg = Release|Any CPU
		{1D4CEF0E-2385-441B-9DC4-67F84CCE41F0}.Release|Any CPU.Build.0 = Release|Any CPU
		{38873663-EC86-495F-96C4-A7271BE7CAF1}.Debug|Any CPU.ActiveCfg = Debug|Any CPU
		{38873663-EC86-495F-96C4-A7271BE7CAF1}.Debug|Any CPU.Build.0 = Debug|Any CPU
		{38873663-EC86-495F-96C4-A7271BE7CAF1}.Release|Any CPU.ActiveCfg = Release|Any CPU
		{38873663-EC86-495F-96C4-A7271BE7CAF1}.Release|Any CPU.Build.0 = Release|Any CPU
		{39945E8D-CDA0-4307-820C-359FB7D7C082}.Debug|Any CPU.ActiveCfg = Debug|Any CPU
		{39945E8D-CDA0-4307-820C-359FB7D7C082}.Debug|Any CPU.Build.0 = Debug|Any CPU
		{39945E8D-CDA0-4307-820C-359FB7D7C082}.Release|Any CPU.ActiveCfg = Release|Any CPU
		{39945E8D-CDA0-4307-820C-359FB7D7C082}.Release|Any CPU.Build.0 = Release|Any CPU
	EndGlobalSection
	GlobalSection(SolutionProperties) = preSolution
		HideSolutionNode = FALSE
	EndGlobalSection
EndGlobal
